
Microsoft Visual Studio Solution File, Format Version 12.00
# Visual Studio Version 17
VisualStudioVersion = 17.2.32602.215
MinimumVisualStudioVersion = 10.0.40219.1
Project("{FAE04EC0-301F-11D3-BF4B-00C04F79EFBC}") = "Watch_zen.Server", "Watch_zen\Server\Watch_zen.Server.csproj", "{71E63D8B-72D7-4973-BBD2-63838A1FB8EF}"
EndProject
Project("{FAE04EC0-301F-11D3-BF4B-00C04F79EFBC}") = "Watch_zen.Client", "Watch_zen\Client\Watch_zen.Client.csproj", "{70396B31-8764-4C02-A336-4CCF8FC51240}"
EndProject
Project("{FAE04EC0-301F-11D3-BF4B-00C04F79EFBC}") = "Watch_zen.Shared", "Watch_zen\Shared\Watch_zen.Shared.csproj", "{5CE9557B-99A3-4BB5-8781-C6EBD6D2A598}"
EndProject
Global
	GlobalSection(SolutionConfigurationPlatforms) = preSolution
		Debug|Any CPU = Debug|Any CPU
		Release|Any CPU = Release|Any CPU
	EndGlobalSection
	GlobalSection(ProjectConfigurationPlatforms) = postSolution
		{71E63D8B-72D7-4973-BBD2-63838A1FB8EF}.Debug|Any CPU.ActiveCfg = Debug|Any CPU
		{71E63D8B-72D7-4973-BBD2-63838A1FB8EF}.Debug|Any CPU.Build.0 = Debug|Any CPU
		{71E63D8B-72D7-4973-BBD2-63838A1FB8EF}.Release|Any CPU.ActiveCfg = Release|Any CPU
		{71E63D8B-72D7-4973-BBD2-63838A1FB8EF}.Release|Any CPU.Build.0 = Release|Any CPU
		{70396B31-8764-4C02-A336-4CCF8FC51240}.Debug|Any CPU.ActiveCfg = Debug|Any CPU
		{70396B31-8764-4C02-A336-4CCF8FC51240}.Debug|Any CPU.Build.0 = Debug|Any CPU
		{70396B31-8764-4C02-A336-4CCF8FC51240}.Release|Any CPU.ActiveCfg = Release|Any CPU
		{70396B31-8764-4C02-A336-4CCF8FC51240}.Release|Any CPU.Build.0 = Release|Any CPU
		{5CE9557B-99A3-4BB5-8781-C6EBD6D2A598}.Debug|Any CPU.ActiveCfg = Debug|Any CPU
		{5CE9557B-99A3-4BB5-8781-C6EBD6D2A598}.Debug|Any CPU.Build.0 = Debug|Any CPU
		{5CE9557B-99A3-4BB5-8781-C6EBD6D2A598}.Release|Any CPU.ActiveCfg = Release|Any CPU
		{5CE9557B-99A3-4BB5-8781-C6EBD6D2A598}.Release|Any CPU.Build.0 = Release|Any CPU
	EndGlobalSection
	GlobalSection(SolutionProperties) = preSolution
		HideSolutionNode = FALSE
	EndGlobalSection
	GlobalSection(ExtensibilityGlobals) = postSolution
		SolutionGuid = {7EF99F3F-4A05-4683-849F-65CB09AB1F93}
	EndGlobalSection
EndGlobal
